
Microsoft Visual Studio Solution File, Format Version 12.00
# Visual Studio Version 17
VisualStudioVersion = 17.10.35013.160
MinimumVisualStudioVersion = 10.0.40219.1
Project("{FAE04EC0-301F-11D3-BF4B-00C04F79EFBC}") = "AreaTriangulo5363922", "AreaTriangulo5363922\AreaTriangulo5363922.csproj", "{07D1A538-EE51-4BED-A5D2-D0BA42EA67D9}"
EndProject
Global
	GlobalSection(SolutionConfigurationPlatforms) = preSolution
		Debug|Any CPU = Debug|Any CPU
		Release|Any CPU = Release|Any CPU
	EndGlobalSection
	GlobalSection(ProjectConfigurationPlatforms) = postSolution
		{07D1A538-EE51-4BED-A5D2-D0BA42EA67D9}.Debug|Any CPU.ActiveCfg = Debug|Any CPU
		{07D1A538-EE51-4BED-A5D2-D0BA42EA67D9}.Debug|Any CPU.Build.0 = Debug|Any CPU
		{07D1A538-EE51-4BED-A5D2-D0BA42EA67D9}.Debug|Any CPU.Deploy.0 = Debug|Any CPU
		{07D1A538-EE51-4BED-A5D2-D0BA42EA67D9}.Release|Any CPU.ActiveCfg = Release|Any CPU
		{07D1A538-EE51-4BED-A5D2-D0BA42EA67D9}.Release|Any CPU.Build.0 = Release|Any CPU
		{07D1A538-EE51-4BED-A5D2-D0BA42EA67D9}.Release|Any CPU.Deploy.0 = Release|Any CPU
	EndGlobalSection
	GlobalSection(SolutionProperties) = preSolution
		HideSolutionNode = FALSE
	EndGlobalSection
	GlobalSection(ExtensibilityGlobals) = postSolution
		SolutionGuid = {1740AC2F-2E55-4F7B-A947-19BFA6317C6C}
	EndGlobalSection
EndGlobal
